{
  "version": "3",
  "packages": {
    "specifiers": {
      "npm:figlet": "npm:figlet@1.7.0",
      "npm:platformsh-config": "npm:platformsh-config@2.4.1"
    },
    "npm": {
      "figlet@1.7.0": {
        "integrity": "sha512-gO8l3wvqo0V7wEFLXPbkX83b7MVjRrk1oRLfYlZXol8nEpb/ON9pcKLI4qpBv5YtOTfrINtqb7b40iYY2FTWFg==",
        "dependencies": {}
      },
      "platformsh-config@2.4.1": {
        "integrity": "sha512-7uiWcjhP0Q7/MDBpdcaZG5X4lCMXcU1va9h4yJZyAAtMpHZoogd/C/+5ucc94z3W40FJwf07MO5p15ZrGzDfQA==",
        "dependencies": {}
      }
    }
  },
  "remote": {}
}
