{
  "version": "3",
  "packages": {
    "specifiers": {
      "npm:figlet": "npm:figlet@1.7.0"
    },
    "npm": {
      "figlet@1.7.0": {
        "integrity": "sha512-gO8l3wvqo0V7wEFLXPbkX83b7MVjRrk1oRLfYlZXol8nEpb/ON9pcKLI4qpBv5YtOTfrINtqb7b40iYY2FTWFg==",
        "dependencies": {}
      }
    }
  },
  "remote": {}
}
